
Microsoft Visual Studio Solution File, Format Version 12.00
# Visual Studio Version 17
VisualStudioVersion = 17.9.34622.214
MinimumVisualStudioVersion = 10.0.40219.1
Project("{FAE04EC0-301F-11D3-BF4B-00C04F79EFBC}") = "net-ef-videogame", "net-ef-videogame\net-ef-videogame.csproj", "{E0DF0801-CD3A-4AF8-A698-7039C71F9222}"
EndProject
Global
	GlobalSection(SolutionConfigurationPlatforms) = preSolution
		Debug|Any CPU = Debug|Any CPU
		Release|Any CPU = Release|Any CPU
	EndGlobalSection
	GlobalSection(ProjectConfigurationPlatforms) = postSolution
		{E0DF0801-CD3A-4AF8-A698-7039C71F9222}.Debug|Any CPU.ActiveCfg = Debug|Any CPU
		{E0DF0801-CD3A-4AF8-A698-7039C71F9222}.Debug|Any CPU.Build.0 = Debug|Any CPU
		{E0DF0801-CD3A-4AF8-A698-7039C71F9222}.Release|Any CPU.ActiveCfg = Release|Any CPU
		{E0DF0801-CD3A-4AF8-A698-7039C71F9222}.Release|Any CPU.Build.0 = Release|Any CPU
	EndGlobalSection
	GlobalSection(SolutionProperties) = preSolution
		HideSolutionNode = FALSE
	EndGlobalSection
	GlobalSection(ExtensibilityGlobals) = postSolution
		SolutionGuid = {D4BC4FE3-C4F6-48AA-934E-20F1FDCB8679}
	EndGlobalSection
EndGlobal
